// !$*UTF8*$!
{
	archiveVersion = 1;
	classes = {};
	objectVersion = 54;
	objects = {

/* Begin PBXBuildFile section */
		100000000000000000000001 /* ContentView.swift in Sources */ = {isa = PBXBuildFile; fileRef = 200000000000000000000001 /* ContentView.swift */; };
		100000000000000000000002 /* iOSApp.swift in Sources */ = {isa = PBXBuildFile; fileRef = 200000000000000000000002 /* iOSApp.swift */; };
		100000000000000000000003 /* MoaLogTypography.swift in Sources */ = {isa = PBXBuildFile; fileRef = 200000000000000000000006 /* MoaLogTypography.swift */; };
		100000000000000000000004 /* Pretendard-Regular.otf in Resources */ = {isa = PBXBuildFile; fileRef = 200000000000000000000007 /* Pretendard-Regular.otf */; };
		100000000000000000000005 /* Pretendard-Medium.otf in Resources */ = {isa = PBXBuildFile; fileRef = 200000000000000000000008 /* Pretendard-Medium.otf */; };
		100000000000000000000006 /* Pretendard-SemiBold.otf in Resources */ = {isa = PBXBuildFile; fileRef = 200000000000000000000009 /* Pretendard-SemiBold.otf */; };
		100000000000000000000007 /* Pretendard-Bold.otf in Resources */ = {isa = PBXBuildFile; fileRef = 20000000000000000000000A /* Pretendard-Bold.otf */; };
		100000000000000000000008 /* SetupView.swift in Sources */ = {isa = PBXBuildFile; fileRef = 20000000000000000000000B /* SetupView.swift */; };
		100000000000000000000009 /* HomeView.swift in Sources */ = {isa = PBXBuildFile; fileRef = 20000000000000000000000C /* HomeView.swift */; };
		10000000000000000000000A /* PlanView.swift in Sources */ = {isa = PBXBuildFile; fileRef = 20000000000000000000000D /* PlanView.swift */; };
		10000000000000000000000B /* PlanEditorView.swift in Sources */ = {isa = PBXBuildFile; fileRef = 20000000000000000000000E /* PlanEditorView.swift */; };
		10000000000000000000000C /* MultiMonthApplyView.swift in Sources */ = {isa = PBXBuildFile; fileRef = 20000000000000000000000F /* MultiMonthApplyView.swift */; };
		10000000000000000000000D /* AnnualPlanView.swift in Sources */ = {isa = PBXBuildFile; fileRef = 200000000000000000000010 /* AnnualPlanView.swift */; };
		10000000000000000000000E /* CompositionAnalysisView.swift in Sources */ = {isa = PBXBuildFile; fileRef = 200000000000000000000011 /* CompositionAnalysisView.swift */; };
		10000000000000000000000F /* GoalEditView.swift in Sources */ = {isa = PBXBuildFile; fileRef = 200000000000000000000012 /* GoalEditView.swift */; };
		100000000000000000000010 /* SalaryAllocationView.swift in Sources */ = {isa = PBXBuildFile; fileRef = 200000000000000000000013 /* SalaryAllocationView.swift */; };
		100000000000000000000011 /* FixedCostCheckView.swift in Sources */ = {isa = PBXBuildFile; fileRef = 200000000000000000000014 /* FixedCostCheckView.swift */; };
		100000000000000000000012 /* RecordsView.swift in Sources */ = {isa = PBXBuildFile; fileRef = 200000000000000000000015 /* RecordsView.swift */; };
		100000000000000000000013 /* ExpenseEditorView.swift in Sources */ = {isa = PBXBuildFile; fileRef = 200000000000000000000016 /* ExpenseEditorView.swift */; };
		100000000000000000000014 /* AssetsView.swift in Sources */ = {isa = PBXBuildFile; fileRef = 200000000000000000000017 /* AssetsView.swift */; };
		100000000000000000000015 /* AssetDetailView.swift in Sources */ = {isa = PBXBuildFile; fileRef = 200000000000000000000018 /* AssetDetailView.swift */; };
		100000000000000000000016 /* AssetEditorView.swift in Sources */ = {isa = PBXBuildFile; fileRef = 200000000000000000000019 /* AssetEditorView.swift */; };
		100000000000000000000017 /* PurposeAccountsView.swift in Sources */ = {isa = PBXBuildFile; fileRef = 20000000000000000000001A /* PurposeAccountsView.swift */; };
		100000000000000000000018 /* MoreView.swift in Sources */ = {isa = PBXBuildFile; fileRef = 20000000000000000000001B /* MoreView.swift */; };
		100000000000000000000019 /* GuideView.swift in Sources */ = {isa = PBXBuildFile; fileRef = 20000000000000000000001C /* GuideView.swift */; };
		10000000000000000000001A /* ItemManagementView.swift in Sources */ = {isa = PBXBuildFile; fileRef = 20000000000000000000001D /* ItemManagementView.swift */; };
		10000000000000000000001B /* LedgerSettingsView.swift in Sources */ = {isa = PBXBuildFile; fileRef = 20000000000000000000001E /* LedgerSettingsView.swift */; };
		10000000000000000000001C /* CloudSessionView.swift in Sources */ = {isa = PBXBuildFile; fileRef = 20000000000000000000001F /* CloudSessionView.swift */; };
		10000000000000000000001D /* MaintenanceView.swift in Sources */ = {isa = PBXBuildFile; fileRef = 200000000000000000000021 /* MaintenanceView.swift */; };
/* End PBXBuildFile section */

/* Begin PBXFileReference section */
		200000000000000000000001 /* ContentView.swift */ = {isa = PBXFileReference; lastKnownFileType = sourcecode.swift; path = ContentView.swift; sourceTree = "<group>"; };
		200000000000000000000002 /* iOSApp.swift */ = {isa = PBXFileReference; lastKnownFileType = sourcecode.swift; path = iOSApp.swift; sourceTree = "<group>"; };
		200000000000000000000003 /* Info.plist */ = {isa = PBXFileReference; lastKnownFileType = text.plist.xml; path = Info.plist; sourceTree = "<group>"; };
		200000000000000000000004 /* Config.xcconfig */ = {isa = PBXFileReference; lastKnownFileType = text.xcconfig; path = Config.xcconfig; sourceTree = "<group>"; };
		200000000000000000000005 /* MoaLog.app */ = {isa = PBXFileReference; explicitFileType = wrapper.application; path = MoaLog.app; sourceTree = BUILT_PRODUCTS_DIR; };
		200000000000000000000006 /* MoaLogTypography.swift */ = {isa = PBXFileReference; lastKnownFileType = sourcecode.swift; path = MoaLogTypography.swift; sourceTree = "<group>"; };
		200000000000000000000007 /* Pretendard-Regular.otf */ = {isa = PBXFileReference; lastKnownFileType = file; path = "Fonts/Pretendard-Regular.otf"; sourceTree = "<group>"; };
		200000000000000000000008 /* Pretendard-Medium.otf */ = {isa = PBXFileReference; lastKnownFileType = file; path = "Fonts/Pretendard-Medium.otf"; sourceTree = "<group>"; };
		200000000000000000000009 /* Pretendard-SemiBold.otf */ = {isa = PBXFileReference; lastKnownFileType = file; path = "Fonts/Pretendard-SemiBold.otf"; sourceTree = "<group>"; };
		20000000000000000000000A /* Pretendard-Bold.otf */ = {isa = PBXFileReference; lastKnownFileType = file; path = "Fonts/Pretendard-Bold.otf"; sourceTree = "<group>"; };
		20000000000000000000000B /* SetupView.swift */ = {isa = PBXFileReference; lastKnownFileType = sourcecode.swift; path = SetupView.swift; sourceTree = "<group>"; };
		20000000000000000000000C /* HomeView.swift */ = {isa = PBXFileReference; lastKnownFileType = sourcecode.swift; path = HomeView.swift; sourceTree = "<group>"; };
		20000000000000000000000D /* PlanView.swift */ = {isa = PBXFileReference; lastKnownFileType = sourcecode.swift; path = PlanView.swift; sourceTree = "<group>"; };
		20000000000000000000000E /* PlanEditorView.swift */ = {isa = PBXFileReference; lastKnownFileType = sourcecode.swift; path = PlanEditorView.swift; sourceTree = "<group>"; };
		20000000000000000000000F /* MultiMonthApplyView.swift */ = {isa = PBXFileReference; lastKnownFileType = sourcecode.swift; path = MultiMonthApplyView.swift; sourceTree = "<group>"; };
		200000000000000000000010 /* AnnualPlanView.swift */ = {isa = PBXFileReference; lastKnownFileType = sourcecode.swift; path = AnnualPlanView.swift; sourceTree = "<group>"; };
		200000000000000000000011 /* CompositionAnalysisView.swift */ = {isa = PBXFileReference; lastKnownFileType = sourcecode.swift; path = CompositionAnalysisView.swift; sourceTree = "<group>"; };
		200000000000000000000012 /* GoalEditView.swift */ = {isa = PBXFileReference; lastKnownFileType = sourcecode.swift; path = GoalEditView.swift; sourceTree = "<group>"; };
		200000000000000000000013 /* SalaryAllocationView.swift */ = {isa = PBXFileReference; lastKnownFileType = sourcecode.swift; path = SalaryAllocationView.swift; sourceTree = "<group>"; };
		200000000000000000000014 /* FixedCostCheckView.swift */ = {isa = PBXFileReference; lastKnownFileType = sourcecode.swift; path = FixedCostCheckView.swift; sourceTree = "<group>"; };
		200000000000000000000015 /* RecordsView.swift */ = {isa = PBXFileReference; lastKnownFileType = sourcecode.swift; path = RecordsView.swift; sourceTree = "<group>"; };
		200000000000000000000016 /* ExpenseEditorView.swift */ = {isa = PBXFileReference; lastKnownFileType = sourcecode.swift; path = ExpenseEditorView.swift; sourceTree = "<group>"; };
		200000000000000000000017 /* AssetsView.swift */ = {isa = PBXFileReference; lastKnownFileType = sourcecode.swift; path = AssetsView.swift; sourceTree = "<group>"; };
		200000000000000000000018 /* AssetDetailView.swift */ = {isa = PBXFileReference; lastKnownFileType = sourcecode.swift; path = AssetDetailView.swift; sourceTree = "<group>"; };
		200000000000000000000019 /* AssetEditorView.swift */ = {isa = PBXFileReference; lastKnownFileType = sourcecode.swift; path = AssetEditorView.swift; sourceTree = "<group>"; };
		20000000000000000000001A /* PurposeAccountsView.swift */ = {isa = PBXFileReference; lastKnownFileType = sourcecode.swift; path = PurposeAccountsView.swift; sourceTree = "<group>"; };
		20000000000000000000001B /* MoreView.swift */ = {isa = PBXFileReference; lastKnownFileType = sourcecode.swift; path = MoreView.swift; sourceTree = "<group>"; };
		20000000000000000000001C /* GuideView.swift */ = {isa = PBXFileReference; lastKnownFileType = sourcecode.swift; path = GuideView.swift; sourceTree = "<group>"; };
		20000000000000000000001D /* ItemManagementView.swift */ = {isa = PBXFileReference; lastKnownFileType = sourcecode.swift; path = ItemManagementView.swift; sourceTree = "<group>"; };
		20000000000000000000001E /* LedgerSettingsView.swift */ = {isa = PBXFileReference; lastKnownFileType = sourcecode.swift; path = LedgerSettingsView.swift; sourceTree = "<group>"; };
		20000000000000000000001F /* CloudSessionView.swift */ = {isa = PBXFileReference; lastKnownFileType = sourcecode.swift; path = CloudSessionView.swift; sourceTree = "<group>"; };
		200000000000000000000020 /* MoaLog.entitlements */ = {isa = PBXFileReference; lastKnownFileType = text.plist.entitlements; path = MoaLog.entitlements; sourceTree = "<group>"; };
		200000000000000000000021 /* MaintenanceView.swift */ = {isa = PBXFileReference; lastKnownFileType = sourcecode.swift; path = MaintenanceView.swift; sourceTree = "<group>"; };
/* End PBXFileReference section */

/* Begin PBXFrameworksBuildPhase section */
		300000000000000000000001 /* Frameworks */ = {isa = PBXFrameworksBuildPhase; buildActionMask = 2147483647; files = (); runOnlyForDeploymentPostprocessing = 0; };
/* End PBXFrameworksBuildPhase section */

/* Begin PBXGroup section */
		400000000000000000000001 = {
			isa = PBXGroup;
			children = (
				400000000000000000000002 /* Configuration */,
				400000000000000000000003 /* iosApp */,
				400000000000000000000004 /* Products */,
			);
			sourceTree = "<group>";
		};
		400000000000000000000002 /* Configuration */ = {isa = PBXGroup; children = (200000000000000000000004 /* Config.xcconfig */,); path = Configuration; sourceTree = "<group>"; };
		400000000000000000000003 /* iosApp */ = {isa = PBXGroup; children = (200000000000000000000001 /* ContentView.swift */, 200000000000000000000002 /* iOSApp.swift */, 20000000000000000000001F /* CloudSessionView.swift */, 200000000000000000000006 /* MoaLogTypography.swift */, 20000000000000000000000B /* SetupView.swift */, 20000000000000000000000C /* HomeView.swift */, 20000000000000000000000D /* PlanView.swift */, 20000000000000000000000E /* PlanEditorView.swift */, 20000000000000000000000F /* MultiMonthApplyView.swift */, 200000000000000000000010 /* AnnualPlanView.swift */, 200000000000000000000011 /* CompositionAnalysisView.swift */, 200000000000000000000012 /* GoalEditView.swift */, 200000000000000000000013 /* SalaryAllocationView.swift */, 200000000000000000000014 /* FixedCostCheckView.swift */, 200000000000000000000015 /* RecordsView.swift */, 200000000000000000000016 /* ExpenseEditorView.swift */, 200000000000000000000017 /* AssetsView.swift */, 200000000000000000000018 /* AssetDetailView.swift */, 200000000000000000000019 /* AssetEditorView.swift */, 20000000000000000000001A /* PurposeAccountsView.swift */, 20000000000000000000001B /* MoreView.swift */, 200000000000000000000021 /* MaintenanceView.swift */, 20000000000000000000001C /* GuideView.swift */, 20000000000000000000001D /* ItemManagementView.swift */, 20000000000000000000001E /* LedgerSettingsView.swift */, 200000000000000000000020 /* MoaLog.entitlements */, 200000000000000000000007 /* Pretendard-Regular.otf */, 200000000000000000000008 /* Pretendard-Medium.otf */, 200000000000000000000009 /* Pretendard-SemiBold.otf */, 20000000000000000000000A /* Pretendard-Bold.otf */, 200000000000000000000003 /* Info.plist */,); path = iosApp; sourceTree = "<group>"; };
		400000000000000000000004 /* Products */ = {isa = PBXGroup; children = (200000000000000000000005 /* MoaLog.app */,); name = Products; sourceTree = "<group>"; };
/* End PBXGroup section */

/* Begin PBXNativeTarget section */
		500000000000000000000001 /* iosApp */ = {
			isa = PBXNativeTarget;
			buildConfigurationList = 900000000000000000000002 /* Build configuration list for PBXNativeTarget "iosApp" */;
			buildPhases = (
				600000000000000000000001 /* Compile Kotlin Framework */,
				300000000000000000000002 /* Sources */,
				300000000000000000000001 /* Frameworks */,
				300000000000000000000003 /* Resources */,
			);
			buildRules = ();
			dependencies = ();
			name = iosApp;
			productName = iosApp;
			productReference = 200000000000000000000005 /* MoaLog.app */;
			productType = "com.apple.product-type.application";
		};
/* End PBXNativeTarget section */

/* Begin PBXProject section */
		700000000000000000000001 /* Project object */ = {
			isa = PBXProject;
			attributes = {LastSwiftUpdateCheck = 1600; LastUpgradeCheck = 1600;};
			buildConfigurationList = 900000000000000000000001 /* Build configuration list for PBXProject "iosApp" */;
			compatibilityVersion = "Xcode 3.2";
			developmentRegion = en;
			hasScannedForEncodings = 0;
			knownRegions = (en, Base,);
			mainGroup = 400000000000000000000001;
			productRefGroup = 400000000000000000000004 /* Products */;
			projectDirPath = "";
			projectRoot = "";
			targets = (500000000000000000000001 /* iosApp */,);
		};
/* End PBXProject section */

/* Begin PBXResourcesBuildPhase section */
		300000000000000000000003 /* Resources */ = {isa = PBXResourcesBuildPhase; buildActionMask = 2147483647; files = (100000000000000000000004 /* Pretendard-Regular.otf in Resources */, 100000000000000000000005 /* Pretendard-Medium.otf in Resources */, 100000000000000000000006 /* Pretendard-SemiBold.otf in Resources */, 100000000000000000000007 /* Pretendard-Bold.otf in Resources */,); runOnlyForDeploymentPostprocessing = 0; };
/* End PBXResourcesBuildPhase section */

/* Begin PBXShellScriptBuildPhase section */
		600000000000000000000001 /* Compile Kotlin Framework */ = {
			isa = PBXShellScriptBuildPhase;
			alwaysOutOfDate = 1;
			buildActionMask = 2147483647;
			files = ();
			inputFileListPaths = ();
			inputPaths = ();
			name = "Compile Kotlin Framework";
			outputFileListPaths = ();
			outputPaths = ("$(SRCROOT)/../shared/build/xcode-frameworks/$(CONFIGURATION)/$(SDK_NAME)/SharedKit.framework",);
			runOnlyForDeploymentPostprocessing = 0;
			shellPath = /bin/sh;
			shellScript = "if [ \"$CONFIGURATION\" = \"Release\" ]; then\n  case \"$MOALOG_API_BASE_URL\" in\n    https://*) ;;\n    *) echo \"error: Release requires MOALOG_API_BASE_URL with a real HTTPS URL\"; exit 1 ;;\n  esac\n  case \"$MOALOG_API_BASE_URL\" in\n    *example.invalid*) echo \"error: Replace the placeholder MOALOG_API_BASE_URL for Release\"; exit 1 ;;\n  esac\nfi\nif [ \"YES\" = \"$OVERRIDE_KOTLIN_BUILD_IDE_SUPPORTED\" ]; then exit 0; fi\ncd \"$SRCROOT/..\"\n./gradlew :shared:embedAndSignAppleFrameworkForXcode\n";
		};
/* End PBXShellScriptBuildPhase section */

/* Begin PBXSourcesBuildPhase section */
		300000000000000000000002 /* Sources */ = {isa = PBXSourcesBuildPhase; buildActionMask = 2147483647; files = (100000000000000000000001 /* ContentView.swift in Sources */, 100000000000000000000002 /* iOSApp.swift in Sources */, 10000000000000000000001C /* CloudSessionView.swift in Sources */, 100000000000000000000003 /* MoaLogTypography.swift in Sources */, 100000000000000000000008 /* SetupView.swift in Sources */, 100000000000000000000009 /* HomeView.swift in Sources */, 10000000000000000000000A /* PlanView.swift in Sources */, 10000000000000000000000B /* PlanEditorView.swift in Sources */, 10000000000000000000000C /* MultiMonthApplyView.swift in Sources */, 10000000000000000000000D /* AnnualPlanView.swift in Sources */, 10000000000000000000000E /* CompositionAnalysisView.swift in Sources */, 10000000000000000000000F /* GoalEditView.swift in Sources */, 100000000000000000000010 /* SalaryAllocationView.swift in Sources */, 100000000000000000000011 /* FixedCostCheckView.swift in Sources */, 100000000000000000000012 /* RecordsView.swift in Sources */, 100000000000000000000013 /* ExpenseEditorView.swift in Sources */, 100000000000000000000014 /* AssetsView.swift in Sources */, 100000000000000000000015 /* AssetDetailView.swift in Sources */, 100000000000000000000016 /* AssetEditorView.swift in Sources */, 100000000000000000000017 /* PurposeAccountsView.swift in Sources */, 100000000000000000000018 /* MoreView.swift in Sources */, 10000000000000000000001D /* MaintenanceView.swift in Sources */, 100000000000000000000019 /* GuideView.swift in Sources */, 10000000000000000000001A /* ItemManagementView.swift in Sources */, 10000000000000000000001B /* LedgerSettingsView.swift in Sources */,); runOnlyForDeploymentPostprocessing = 0; };
/* End PBXSourcesBuildPhase section */

/* Begin XCBuildConfiguration section */
		800000000000000000000001 /* Debug */ = {isa = XCBuildConfiguration; buildSettings = {IPHONEOS_DEPLOYMENT_TARGET = 17.2; PRODUCT_NAME = "$(TARGET_NAME)"; SDKROOT = iphoneos; SWIFT_VERSION = 5.0;}; name = Debug; };
		800000000000000000000002 /* Release */ = {isa = XCBuildConfiguration; buildSettings = {IPHONEOS_DEPLOYMENT_TARGET = 17.2; PRODUCT_NAME = "$(TARGET_NAME)"; SDKROOT = iphoneos; SWIFT_VERSION = 5.0;}; name = Release; };
		800000000000000000000003 /* Debug */ = {
			isa = XCBuildConfiguration;
			baseConfigurationReference = 200000000000000000000004 /* Config.xcconfig */;
			buildSettings = {
				ALWAYS_SEARCH_USER_PATHS = NO;
				CODE_SIGN_ENTITLEMENTS = iosApp/MoaLog.entitlements;
				CODE_SIGN_STYLE = Automatic;
				DEVELOPMENT_TEAM = "$(TEAM_ID)";
				ENABLE_PREVIEWS = YES;
				"EXCLUDED_ARCHS[sdk=iphonesimulator*]" = x86_64;
				FRAMEWORK_SEARCH_PATHS = ("$(inherited)", "$(SRCROOT)/../shared/build/xcode-frameworks/$(CONFIGURATION)/$(SDK_NAME)",);
				INFOPLIST_FILE = iosApp/Info.plist;
				IPHONEOS_DEPLOYMENT_TARGET = 17.2;
				LD_RUNPATH_SEARCH_PATHS = ("$(inherited)", "@executable_path/Frameworks",);
				OTHER_LDFLAGS = ("$(inherited)", "-framework", SharedKit,);
				PRODUCT_BUNDLE_IDENTIFIER = "$(BUNDLE_ID)";
				PRODUCT_NAME = "$(APP_NAME)";
				SDKROOT = iphoneos;
				SWIFT_VERSION = 5.0;
				TARGETED_DEVICE_FAMILY = 1;
			};
			name = Debug;
		};
		800000000000000000000004 /* Release */ = {
			isa = XCBuildConfiguration;
			baseConfigurationReference = 200000000000000000000004 /* Config.xcconfig */;
			buildSettings = {
				ALWAYS_SEARCH_USER_PATHS = NO;
				CODE_SIGN_ENTITLEMENTS = iosApp/MoaLog.entitlements;
				CODE_SIGN_STYLE = Automatic;
				DEVELOPMENT_TEAM = "$(TEAM_ID)";
				FRAMEWORK_SEARCH_PATHS = ("$(inherited)", "$(SRCROOT)/../shared/build/xcode-frameworks/$(CONFIGURATION)/$(SDK_NAME)",);
				"EXCLUDED_ARCHS[sdk=iphonesimulator*]" = x86_64;
				INFOPLIST_FILE = iosApp/Info.plist;
				IPHONEOS_DEPLOYMENT_TARGET = 17.2;
				LD_RUNPATH_SEARCH_PATHS = ("$(inherited)", "@executable_path/Frameworks",);
				OTHER_LDFLAGS = ("$(inherited)", "-framework", SharedKit,);
				PRODUCT_BUNDLE_IDENTIFIER = "$(BUNDLE_ID)";
				PRODUCT_NAME = "$(APP_NAME)";
				SDKROOT = iphoneos;
				SWIFT_VERSION = 5.0;
				TARGETED_DEVICE_FAMILY = 1;
			};
			name = Release;
		};
/* End XCBuildConfiguration section */

/* Begin XCConfigurationList section */
		900000000000000000000001 /* Build configuration list for PBXProject "iosApp" */ = {isa = XCConfigurationList; buildConfigurations = (800000000000000000000001 /* Debug */, 800000000000000000000002 /* Release */,); defaultConfigurationIsVisible = 0; defaultConfigurationName = Release; };
		900000000000000000000002 /* Build configuration list for PBXNativeTarget "iosApp" */ = {isa = XCConfigurationList; buildConfigurations = (800000000000000000000003 /* Debug */, 800000000000000000000004 /* Release */,); defaultConfigurationIsVisible = 0; defaultConfigurationName = Release; };
/* End XCConfigurationList section */
	};
	rootObject = 700000000000000000000001 /* Project object */;
}
